
Microsoft Visual Studio Solution File, Format Version 12.00
# Visual Studio 15
VisualStudioVersion = 15.0.26430.13
MinimumVisualStudioVersion = 10.0.40219.1
Project("{FAE04EC0-301F-11D3-BF4B-00C04F79EFBC}") = "LeetCodeCSharp", "LeetCodeCSharp\LeetCodeCSharp.csproj", "{84F47DBF-D237-4598-8874-03F8D8371AE1}"
EndProject
Project("{FAE04EC0-301F-11D3-BF4B-00C04F79EFBC}") = "LeetCodeCSharpTests", "LeetCodeCSharpTests\LeetCodeCSharpTests.csproj", "{6D03AF8B-7FBA-4728-8569-102000313E22}"
EndProject
Project("{2150E333-8FDC-42A3-9474-1A3956D46DE8}") = "Solution Items", "Solution Items", "{09E5D0EC-B063-46BF-9BB9-96BF2F7951E4}"
	ProjectSection(SolutionItems) = preProject
		README.md = README.md
	EndProjectSection
EndProject
Global
	GlobalSection(SolutionConfigurationPlatforms) = preSolution
		Debug|Any CPU = Debug|Any CPU
		Release|Any CPU = Release|Any CPU
	EndGlobalSection
	GlobalSection(ProjectConfigurationPlatforms) = postSolution
		{84F47DBF-D237-4598-8874-03F8D8371AE1}.Debug|Any CPU.ActiveCfg = Debug|Any CPU
		{84F47DBF-D237-4598-8874-03F8D8371AE1}.Debug|Any CPU.Build.0 = Debug|Any CPU
		{84F47DBF-D237-4598-8874-03F8D8371AE1}.Release|Any CPU.ActiveCfg = Release|Any CPU
		{84F47DBF-D237-4598-8874-03F8D8371AE1}.Release|Any CPU.Build.0 = Release|Any CPU
		{6D03AF8B-7FBA-4728-8569-102000313E22}.Debug|Any CPU.ActiveCfg = Debug|Any CPU
		{6D03AF8B-7FBA-4728-8569-102000313E22}.Debug|Any CPU.Build.0 = Debug|Any CPU
		{6D03AF8B-7FBA-4728-8569-102000313E22}.Release|Any CPU.ActiveCfg = Release|Any CPU
		{6D03AF8B-7FBA-4728-8569-102000313E22}.Release|Any CPU.Build.0 = Release|Any CPU
	EndGlobalSection
	GlobalSection(SolutionProperties) = preSolution
		HideSolutionNode = FALSE
	EndGlobalSection
EndGlobal
